# Generated by buf. DO NOT EDIT.
version: v2
deps:
  - name: buf.build/gnostic/gnostic
    commit: 087bc8072ce44e339f213209e4d57bf0
    digest: b5:c4eebcd04bc2fdd5dd0b8d695eb419682a650b600cdb56ff2ed61208a24603e0eb1b8ae0d467925c69a24bde6d322f3c4112bd2b8efdd682d8c3128384cdac9a
  - name: buf.build/protocolbuffers/wellknowntypes
    commit: 122a3d2fdc814e0bb6fcf821bcce7957
    digest: b5:1aafdaf51329062dcc57ee613e59e15e5529e994634599ff467501e4d6c670af04eaa4bee3f3da5db64518b3117c34865896eb9b096a15a81051ab82c34e7e95
